
Microsoft Visual Studio Solution File, Format Version 12.00
# Visual Studio Version 16
VisualStudioVersion = 16.0.31205.134
MinimumVisualStudioVersion = 10.0.40219.1
Project("{FAE04EC0-301F-11D3-BF4B-00C04F79EFBC}") = "C_Sharp_With_Oop", "C_Sharp_With_Oop\C_Sharp_With_Oop.csproj", "{1DD06161-EA86-4029-8F74-B2253DFE7E39}"
EndProject
Project("{FAE04EC0-301F-11D3-BF4B-00C04F79EFBC}") = "UserActivityLog_OOP_Concept", "UserActivityLog_OOP_Concept\UserActivityLog_OOP_Concept.csproj", "{860F54AC-1A31-4634-BDCB-CFD702B843B3}"
EndProject
Global
	GlobalSection(SolutionConfigurationPlatforms) = preSolution
		Debug|Any CPU = Debug|Any CPU
		Release|Any CPU = Release|Any CPU
	EndGlobalSection
	GlobalSection(ProjectConfigurationPlatforms) = postSolution
		{1DD06161-EA86-4029-8F74-B2253DFE7E39}.Debug|Any CPU.ActiveCfg = Debug|Any CPU
		{1DD06161-EA86-4029-8F74-B2253DFE7E39}.Debug|Any CPU.Build.0 = Debug|Any CPU
		{1DD06161-EA86-4029-8F74-B2253DFE7E39}.Release|Any CPU.ActiveCfg = Release|Any CPU
		{1DD06161-EA86-4029-8F74-B2253DFE7E39}.Release|Any CPU.Build.0 = Release|Any CPU
		{860F54AC-1A31-4634-BDCB-CFD702B843B3}.Debug|Any CPU.ActiveCfg = Debug|Any CPU
		{860F54AC-1A31-4634-BDCB-CFD702B843B3}.Debug|Any CPU.Build.0 = Debug|Any CPU
		{860F54AC-1A31-4634-BDCB-CFD702B843B3}.Release|Any CPU.ActiveCfg = Release|Any CPU
		{860F54AC-1A31-4634-BDCB-CFD702B843B3}.Release|Any CPU.Build.0 = Release|Any CPU
	EndGlobalSection
	GlobalSection(SolutionProperties) = preSolution
		HideSolutionNode = FALSE
	EndGlobalSection
	GlobalSection(ExtensibilityGlobals) = postSolution
		SolutionGuid = {63FC7CC2-3F4F-4A24-A33E-05A40DAF08AB}
	EndGlobalSection
EndGlobal
